
Microsoft Visual Studio Solution File, Format Version 12.00
# Visual Studio Version 17
VisualStudioVersion = 17.0.31912.275
MinimumVisualStudioVersion = 10.0.40219.1
Project("{9A19103F-16F7-4668-BE54-9A1E7A4F7556}") = "API", "API.csproj", "{DB27EC94-8D11-49F9-B2DB-F977B011F6CD}"
EndProject
Global
	GlobalSection(SolutionConfigurationPlatforms) = preSolution
		Debug|Any CPU = Debug|Any CPU
		Release|Any CPU = Release|Any CPU
	EndGlobalSection
	GlobalSection(ProjectConfigurationPlatforms) = postSolution
		{DB27EC94-8D11-49F9-B2DB-F977B011F6CD}.Debug|Any CPU.ActiveCfg = Debug|Any CPU
		{DB27EC94-8D11-49F9-B2DB-F977B011F6CD}.Debug|Any CPU.Build.0 = Debug|Any CPU
		{DB27EC94-8D11-49F9-B2DB-F977B011F6CD}.Release|Any CPU.ActiveCfg = Release|Any CPU
		{DB27EC94-8D11-49F9-B2DB-F977B011F6CD}.Release|Any CPU.Build.0 = Release|Any CPU
	EndGlobalSection
	GlobalSection(SolutionProperties) = preSolution
		HideSolutionNode = FALSE
	EndGlobalSection
	GlobalSection(ExtensibilityGlobals) = postSolution
		SolutionGuid = {0414124C-4C03-4ED8-B606-E9EDE5608A85}
	EndGlobalSection
EndGlobal
